
Microsoft Visual Studio Solution File, Format Version 12.00
# Visual Studio Version 16
VisualStudioVersion = 16.0.30225.117
MinimumVisualStudioVersion = 10.0.40219.1
Project("{FAE04EC0-301F-11D3-BF4B-00C04F79EFBC}") = "Bonsai.Harp.CF", "Bonsai.Harp.CF\Bonsai.Harp.CF.csproj", "{1308E302-64F3-47DE-A9D9-C7F38C332718}"
EndProject
Project("{2150E333-8FDC-42A3-9474-1A3956D46DE8}") = "Solution Items", "Solution Items", "{2F3E7CB5-7FBB-4A85-B9AB-E6D69409664F}"
	ProjectSection(SolutionItems) = preProject
		Directory.Build.props = Directory.Build.props
	EndProjectSection
EndProject
Global
	GlobalSection(SolutionConfigurationPlatforms) = preSolution
		Debug|Any CPU = Debug|Any CPU
		Release|Any CPU = Release|Any CPU
	EndGlobalSection
	GlobalSection(ProjectConfigurationPlatforms) = postSolution
		{1308E302-64F3-47DE-A9D9-C7F38C332718}.Debug|Any CPU.ActiveCfg = Debug|Any CPU
		{1308E302-64F3-47DE-A9D9-C7F38C332718}.Debug|Any CPU.Build.0 = Debug|Any CPU
		{1308E302-64F3-47DE-A9D9-C7F38C332718}.Release|Any CPU.ActiveCfg = Release|Any CPU
		{1308E302-64F3-47DE-A9D9-C7F38C332718}.Release|Any CPU.Build.0 = Release|Any CPU
	EndGlobalSection
	GlobalSection(SolutionProperties) = preSolution
		HideSolutionNode = FALSE
	EndGlobalSection
	GlobalSection(ExtensibilityGlobals) = postSolution
		SolutionGuid = {7A4AE83A-84A1-4AF3-96D8-FB844C554E17}
	EndGlobalSection
EndGlobal
